
Microsoft Visual Studio Solution File, Format Version 12.00
Project("{FAE04EC0-301F-11D3-BF4B-00C04F79EFBC}") = "PortalCorporativo", "PortalCorporativo\PortalCorporativo.csproj", "{3A43375A-74DB-48CA-A0E3-0BCA02949FFF}"
EndProject
Global
	GlobalSection(SolutionConfigurationPlatforms) = preSolution
		Debug|Any CPU = Debug|Any CPU
		Release|Any CPU = Release|Any CPU
	EndGlobalSection
	GlobalSection(ProjectConfigurationPlatforms) = postSolution
		{3A43375A-74DB-48CA-A0E3-0BCA02949FFF}.Debug|Any CPU.ActiveCfg = Debug|Any CPU
		{3A43375A-74DB-48CA-A0E3-0BCA02949FFF}.Debug|Any CPU.Build.0 = Debug|Any CPU
		{3A43375A-74DB-48CA-A0E3-0BCA02949FFF}.Release|Any CPU.ActiveCfg = Release|Any CPU
		{3A43375A-74DB-48CA-A0E3-0BCA02949FFF}.Release|Any CPU.Build.0 = Release|Any CPU
	EndGlobalSection
EndGlobal
